// !$*UTF8*$!
{
	archiveVersion = 1;
	classes = {
	};
	objectVersion = 46;
	objects = {

/* Begin PBXBuildFile section */
		25544A261A86FA4500CBEE29 /* AppDelegate.m in Sources */ = {isa = PBXBuildFile; fileRef = 25544A251A86FA4500CBEE29 /* AppDelegate.m */; };
		25544A281A86FA4500CBEE29 /* main.m in Sources */ = {isa = PBXBuildFile; fileRef = 25544A271A86FA4500CBEE29 /* main.m */; };
		25544A2B1A86FA4500CBEE29 /* ViewController.m in Sources */ = {isa = PBXBuildFile; fileRef = 25544A2A1A86FA4500CBEE29 /* ViewController.m */; };
		25544A2E1A86FA4500CBEE29 /* Document.m in Sources */ = {isa = PBXBuildFile; fileRef = 25544A2D1A86FA4500CBEE29 /* Document.m */; };
		25544A311A86FA4500CBEE29 /* Document.xcdatamodeld in Sources */ = {isa = PBXBuildFile; fileRef = 25544A2F1A86FA4500CBEE29 /* Document.xcdatamodeld */; };
		25544A331A86FA4500CBEE29 /* Images.xcassets in Resources */ = {isa = PBXBuildFile; fileRef = 25544A321A86FA4500CBEE29 /* Images.xcassets */; };
		25544A361A86FA4500CBEE29 /* Main.storyboard in Resources */ = {isa = PBXBuildFile; fileRef = 25544A341A86FA4500CBEE29 /* Main.storyboard */; };
		25544A421A86FA4500CBEE29 /* kerenm_hw4Tests.m in Sources */ = {isa = PBXBuildFile; fileRef = 25544A411A86FA4500CBEE29 /* kerenm_hw4Tests.m */; };
		25544A4F1A86FA6F00CBEE29 /* TodoItem.m in Sources */ = {isa = PBXBuildFile; fileRef = 25544A4C1A86FA6F00CBEE29 /* TodoItem.m */; };
		25544A501A86FA6F00CBEE29 /* TodoList.m in Sources */ = {isa = PBXBuildFile; fileRef = 25544A4E1A86FA6F00CBEE29 /* TodoList.m */; };
/* End PBXBuildFile section */

/* Begin PBXContainerItemProxy section */
		25544A3C1A86FA4500CBEE29 /* PBXContainerItemProxy */ = {
			isa = PBXContainerItemProxy;
			containerPortal = 25544A171A86FA4500CBEE29 /* Project object */;
			proxyType = 1;
			remoteGlobalIDString = 25544A1E1A86FA4500CBEE29;
			remoteInfo = kerenm_hw4;
		};
/* End PBXContainerItemProxy section */

/* Begin PBXFileReference section */
		25544A1F1A86FA4500CBEE29 /* kerenm_hw4.app */ = {isa = PBXFileReference; explicitFileType = wrapper.application; includeInIndex = 0; path = kerenm_hw4.app; sourceTree = BUILT_PRODUCTS_DIR; };
		25544A231A86FA4500CBEE29 /* Info.plist */ = {isa = PBXFileReference; lastKnownFileType = text.plist.xml; path = Info.plist; sourceTree = "<group>"; };
		25544A241A86FA4500CBEE29 /* AppDelegate.h */ = {isa = PBXFileReference; lastKnownFileType = sourcecode.c.h; path = AppDelegate.h; sourceTree = "<group>"; };
		25544A251A86FA4500CBEE29 /* AppDelegate.m */ = {isa = PBXFileReference; lastKnownFileType = sourcecode.c.objc; path = AppDelegate.m; sourceTree = "<group>"; };
		25544A271A86FA4500CBEE29 /* main.m */ = {isa = PBXFileReference; lastKnownFileType = sourcecode.c.objc; path = main.m; sourceTree = "<group>"; };
		25544A291A86FA4500CBEE29 /* ViewController.h */ = {isa = PBXFileReference; lastKnownFileType = sourcecode.c.h; path = ViewController.h; sourceTree = "<group>"; };
		25544A2A1A86FA4500CBEE29 /* ViewController.m */ = {isa = PBXFileReference; lastKnownFileType = sourcecode.c.objc; path = ViewController.m; sourceTree = "<group>"; };
		25544A2C1A86FA4500CBEE29 /* Document.h */ = {isa = PBXFileReference; lastKnownFileType = sourcecode.c.h; path = Document.h; sourceTree = "<group>"; };
		25544A2D1A86FA4500CBEE29 /* Document.m */ = {isa = PBXFileReference; lastKnownFileType = sourcecode.c.objc; path = Document.m; sourceTree = "<group>"; };
		25544A301A86FA4500CBEE29 /* Document.xcdatamodel */ = {isa = PBXFileReference; lastKnownFileType = wrapper.xcdatamodel; path = Document.xcdatamodel; sourceTree = "<group>"; };
		25544A321A86FA4500CBEE29 /* Images.xcassets */ = {isa = PBXFileReference; lastKnownFileType = folder.assetcatalog; path = Images.xcassets; sourceTree = "<group>"; };
		25544A351A86FA4500CBEE29 /* Base */ = {isa = PBXFileReference; lastKnownFileType = file.storyboard; name = Base; path = Base.lproj/Main.storyboard; sourceTree = "<group>"; };
		25544A3B1A86FA4500CBEE29 /* kerenm_hw4Tests.xctest */ = {isa = PBXFileReference; explicitFileType = wrapper.cfbundle; includeInIndex = 0; path = kerenm_hw4Tests.xctest; sourceTree = BUILT_PRODUCTS_DIR; };
		25544A401A86FA4500CBEE29 /* Info.plist */ = {isa = PBXFileReference; lastKnownFileType = text.plist.xml; path = Info.plist; sourceTree = "<group>"; };
		25544A411A86FA4500CBEE29 /* kerenm_hw4Tests.m */ = {isa = PBXFileReference; lastKnownFileType = sourcecode.c.objc; path = kerenm_hw4Tests.m; sourceTree = "<group>"; };
		25544A4B1A86FA6F00CBEE29 /* TodoItem.h */ = {isa = PBXFileReference; fileEncoding = 4; lastKnownFileType = sourcecode.c.h; path = TodoItem.h; sourceTree = "<group>"; };
		25544A4C1A86FA6F00CBEE29 /* TodoItem.m */ = {isa = PBXFileReference; fileEncoding = 4; lastKnownFileType = sourcecode.c.objc; path = TodoItem.m; sourceTree = "<group>"; };
		25544A4D1A86FA6F00CBEE29 /* TodoList.h */ = {isa = PBXFileReference; fileEncoding = 4; lastKnownFileType = sourcecode.c.h; path = TodoList.h; sourceTree = "<group>"; };
		25544A4E1A86FA6F00CBEE29 /* TodoList.m */ = {isa = PBXFileReference; fileEncoding = 4; lastKnownFileType = sourcecode.c.objc; path = TodoList.m; sourceTree = "<group>"; };
/* End PBXFileReference section */

/* Begin PBXFrameworksBuildPhase section */
		25544A1C1A86FA4500CBEE29 /* Frameworks */ = {
			isa = PBXFrameworksBuildPhase;
			buildActionMask = 2147483647;
			files = (
			);
			runOnlyForDeploymentPostprocessing = 0;
		};
		25544A381A86FA4500CBEE29 /* Frameworks */ = {
			isa = PBXFrameworksBuildPhase;
			buildActionMask = 2147483647;
			files = (
			);
			runOnlyForDeploymentPostprocessing = 0;
		};
/* End PBXFrameworksBuildPhase section */

/* Begin PBXGroup section */
		25544A161A86FA4500CBEE29 = {
			isa = PBXGroup;
			children = (
				25544A211A86FA4500CBEE29 /* kerenm_hw4 */,
				25544A3E1A86FA4500CBEE29 /* kerenm_hw4Tests */,
				25544A201A86FA4500CBEE29 /* Products */,
			);
			sourceTree = "<group>";
		};
		25544A201A86FA4500CBEE29 /* Products */ = {
			isa = PBXGroup;
			children = (
				25544A1F1A86FA4500CBEE29 /* kerenm_hw4.app */,
				25544A3B1A86FA4500CBEE29 /* kerenm_hw4Tests.xctest */,
			);
			name = Products;
			sourceTree = "<group>";
		};
		25544A211A86FA4500CBEE29 /* kerenm_hw4 */ = {
			isa = PBXGroup;
			children = (
				25544A241A86FA4500CBEE29 /* AppDelegate.h */,
				25544A251A86FA4500CBEE29 /* AppDelegate.m */,
				25544A291A86FA4500CBEE29 /* ViewController.h */,
				25544A2A1A86FA4500CBEE29 /* ViewController.m */,
				25544A4B1A86FA6F00CBEE29 /* TodoItem.h */,
				25544A4C1A86FA6F00CBEE29 /* TodoItem.m */,
				25544A4D1A86FA6F00CBEE29 /* TodoList.h */,
				25544A4E1A86FA6F00CBEE29 /* TodoList.m */,
				25544A2C1A86FA4500CBEE29 /* Document.h */,
				25544A2D1A86FA4500CBEE29 /* Document.m */,
				25544A321A86FA4500CBEE29 /* Images.xcassets */,
				25544A341A86FA4500CBEE29 /* Main.storyboard */,
				25544A2F1A86FA4500CBEE29 /* Document.xcdatamodeld */,
				25544A221A86FA4500CBEE29 /* Supporting Files */,
			);
			path = kerenm_hw4;
			sourceTree = "<group>";
		};
		25544A221A86FA4500CBEE29 /* Supporting Files */ = {
			isa = PBXGroup;
			children = (
				25544A231A86FA4500CBEE29 /* Info.plist */,
				25544A271A86FA4500CBEE29 /* main.m */,
			);
			name = "Supporting Files";
			sourceTree = "<group>";
		};
		25544A3E1A86FA4500CBEE29 /* kerenm_hw4Tests */ = {
			isa = PBXGroup;
			children = (
				25544A411A86FA4500CBEE29 /* kerenm_hw4Tests.m */,
				25544A3F1A86FA4500CBEE29 /* Supporting Files */,
			);
			path = kerenm_hw4Tests;
			sourceTree = "<group>";
		};
		25544A3F1A86FA4500CBEE29 /* Supporting Files */ = {
			isa = PBXGroup;
			children = (
				25544A401A86FA4500CBEE29 /* Info.plist */,
			);
			name = "Supporting Files";
			sourceTree = "<group>";
		};
/* End PBXGroup section */

/* Begin PBXNativeTarget section */
		25544A1E1A86FA4500CBEE29 /* kerenm_hw4 */ = {
			isa = PBXNativeTarget;
			buildConfigurationList = 25544A451A86FA4500CBEE29 /* Build configuration list for PBXNativeTarget "kerenm_hw4" */;
			buildPhases = (
				25544A1B1A86FA4500CBEE29 /* Sources */,
				25544A1C1A86FA4500CBEE29 /* Frameworks */,
				25544A1D1A86FA4500CBEE29 /* Resources */,
			);
			buildRules = (
			);
			dependencies = (
			);
			name = kerenm_hw4;
			productName = kerenm_hw4;
			productReference = 25544A1F1A86FA4500CBEE29 /* kerenm_hw4.app */;
			productType = "com.apple.product-type.application";
		};
		25544A3A1A86FA4500CBEE29 /* kerenm_hw4Tests */ = {
			isa = PBXNativeTarget;
			buildConfigurationList = 25544A481A86FA4500CBEE29 /* Build configuration list for PBXNativeTarget "kerenm_hw4Tests" */;
			buildPhases = (
				25544A371A86FA4500CBEE29 /* Sources */,
				25544A381A86FA4500CBEE29 /* Frameworks */,
				25544A391A86FA4500CBEE29 /* Resources */,
			);
			buildRules = (
			);
			dependencies = (
				25544A3D1A86FA4500CBEE29 /* PBXTargetDependency */,
			);
			name = kerenm_hw4Tests;
			productName = kerenm_hw4Tests;
			productReference = 25544A3B1A86FA4500CBEE29 /* kerenm_hw4Tests.xctest */;
			productType = "com.apple.product-type.bundle.unit-test";
		};
/* End PBXNativeTarget section */

/* Begin PBXProject section */
		25544A171A86FA4500CBEE29 /* Project object */ = {
			isa = PBXProject;
			attributes = {
				LastUpgradeCheck = 0610;
				ORGANIZATIONNAME = "Man, Keren";
				TargetAttributes = {
					25544A1E1A86FA4500CBEE29 = {
						CreatedOnToolsVersion = 6.1.1;
					};
					25544A3A1A86FA4500CBEE29 = {
						CreatedOnToolsVersion = 6.1.1;
						TestTargetID = 25544A1E1A86FA4500CBEE29;
					};
				};
			};
			buildConfigurationList = 25544A1A1A86FA4500CBEE29 /* Build configuration list for PBXProject "kerenm_hw4" */;
			compatibilityVersion = "Xcode 3.2";
			developmentRegion = English;
			hasScannedForEncodings = 0;
			knownRegions = (
				en,
				Base,
			);
			mainGroup = 25544A161A86FA4500CBEE29;
			productRefGroup = 25544A201A86FA4500CBEE29 /* Products */;
			projectDirPath = "";
			projectRoot = "";
			targets = (
				25544A1E1A86FA4500CBEE29 /* kerenm_hw4 */,
				25544A3A1A86FA4500CBEE29 /* kerenm_hw4Tests */,
			);
		};
/* End PBXProject section */

/* Begin PBXResourcesBuildPhase section */
		25544A1D1A86FA4500CBEE29 /* Resources */ = {
			isa = PBXResourcesBuildPhase;
			buildActionMask = 2147483647;
			files = (
				25544A331A86FA4500CBEE29 /* Images.xcassets in Resources */,
				25544A361A86FA4500CBEE29 /* Main.storyboard in Resources */,
			);
			runOnlyForDeploymentPostprocessing = 0;
		};
		25544A391A86FA4500CBEE29 /* Resources */ = {
			isa = PBXResourcesBuildPhase;
			buildActionMask = 2147483647;
			files = (
			);
			runOnlyForDeploymentPostprocessing = 0;
		};
/* End PBXResourcesBuildPhase section */

/* Begin PBXSourcesBuildPhase section */
		25544A1B1A86FA4500CBEE29 /* Sources */ = {
			isa = PBXSourcesBuildPhase;
			buildActionMask = 2147483647;
			files = (
				25544A2E1A86FA4500CBEE29 /* Document.m in Sources */,
				25544A2B1A86FA4500CBEE29 /* ViewController.m in Sources */,
				25544A281A86FA4500CBEE29 /* main.m in Sources */,
				25544A311A86FA4500CBEE29 /* Document.xcdatamodeld in Sources */,
				25544A501A86FA6F00CBEE29 /* TodoList.m in Sources */,
				25544A4F1A86FA6F00CBEE29 /* TodoItem.m in Sources */,
				25544A261A86FA4500CBEE29 /* AppDelegate.m in Sources */,
			);
			runOnlyForDeploymentPostprocessing = 0;
		};
		25544A371A86FA4500CBEE29 /* Sources */ = {
			isa = PBXSourcesBuildPhase;
			buildActionMask = 2147483647;
			files = (
				25544A421A86FA4500CBEE29 /* kerenm_hw4Tests.m in Sources */,
			);
			runOnlyForDeploymentPostprocessing = 0;
		};
/* End PBXSourcesBuildPhase section */

/* Begin PBXTargetDependency section */
		25544A3D1A86FA4500CBEE29 /* PBXTargetDependency */ = {
			isa = PBXTargetDependency;
			target = 25544A1E1A86FA4500CBEE29 /* kerenm_hw4 */;
			targetProxy = 25544A3C1A86FA4500CBEE29 /* PBXContainerItemProxy */;
		};
/* End PBXTargetDependency section */

/* Begin PBXVariantGroup section */
		25544A341A86FA4500CBEE29 /* Main.storyboard */ = {
			isa = PBXVariantGroup;
			children = (
				25544A351A86FA4500CBEE29 /* Base */,
			);
			name = Main.storyboard;
			sourceTree = "<group>";
		};
/* End PBXVariantGroup section */

/* Begin XCBuildConfiguration section */
		25544A431A86FA4500CBEE29 /* Debug */ = {
			isa = XCBuildConfiguration;
			buildSettings = {
				ALWAYS_SEARCH_USER_PATHS = NO;
				CLANG_CXX_LANGUAGE_STANDARD = "gnu++0x";
				CLANG_CXX_LIBRARY = "libc++";
				CLANG_ENABLE_MODULES = YES;
				CLANG_ENABLE_OBJC_ARC = YES;
				CLANG_WARN_BOOL_CONVERSION = YES;
				CLANG_WARN_CONSTANT_CONVERSION = YES;
				CLANG_WARN_DIRECT_OBJC_ISA_USAGE = YES_ERROR;
				CLANG_WARN_EMPTY_BODY = YES;
				CLANG_WARN_ENUM_CONVERSION = YES;
				CLANG_WARN_INT_CONVERSION = YES;
				CLANG_WARN_OBJC_ROOT_CLASS = YES_ERROR;
				CLANG_WARN_UNREACHABLE_CODE = YES;
				CLANG_WARN__DUPLICATE_METHOD_MATCH = YES;
				CODE_SIGN_IDENTITY = "-";
				COPY_PHASE_STRIP = NO;
				ENABLE_STRICT_OBJC_MSGSEND = YES;
				GCC_C_LANGUAGE_STANDARD = gnu99;
				GCC_DYNAMIC_NO_PIC = NO;
				GCC_OPTIMIZATION_LEVEL = 0;
				GCC_PREPROCESSOR_DEFINITIONS = (
					"DEBUG=1",
					"$(inherited)",
				);
				GCC_SYMBOLS_PRIVATE_EXTERN = NO;
				GCC_WARN_64_TO_32_BIT_CONVERSION = YES;
				GCC_WARN_ABOUT_RETURN_TYPE = YES_ERROR;
				GCC_WARN_UNDECLARED_SELECTOR = YES;
				GCC_WARN_UNINITIALIZED_AUTOS = YES_AGGRESSIVE;
				GCC_WARN_UNUSED_FUNCTION = YES;
				GCC_WARN_UNUSED_VARIABLE = YES;
				MACOSX_DEPLOYMENT_TARGET = 10.10;
				MTL_ENABLE_DEBUG_INFO = YES;
				ONLY_ACTIVE_ARCH = YES;
				SDKROOT = macosx;
			};
			name = Debug;
		};
		25544A441A86FA4500CBEE29 /* Release */ = {
			isa = XCBuildConfiguration;
			buildSettings = {
				ALWAYS_SEARCH_USER_PATHS = NO;
				CLANG_CXX_LANGUAGE_STANDARD = "gnu++0x";
				CLANG_CXX_LIBRARY = "libc++";
				CLANG_ENABLE_MODULES = YES;
				CLANG_ENABLE_OBJC_ARC = YES;
				CLANG_WARN_BOOL_CONVERSION = YES;
				CLANG_WARN_CONSTANT_CONVERSION = YES;
				CLANG_WARN_DIRECT_OBJC_ISA_USAGE = YES_ERROR;
				CLANG_WARN_EMPTY_BODY = YES;
				CLANG_WARN_ENUM_CONVERSION = YES;
				CLANG_WARN_INT_CONVERSION = YES;
				CLANG_WARN_OBJC_ROOT_CLASS = YES_ERROR;
				CLANG_WARN_UNREACHABLE_CODE = YES;
				CLANG_WARN__DUPLICATE_METHOD_MATCH = YES;
				CODE_SIGN_IDENTITY = "-";
				COPY_PHASE_STRIP = YES;
				DEBUG_INFORMATION_FORMAT = "dwarf-with-dsym";
				ENABLE_NS_ASSERTIONS = NO;
				ENABLE_STRICT_OBJC_MSGSEND = YES;
				GCC_C_LANGUAGE_STANDARD = gnu99;
				GCC_WARN_64_TO_32_BIT_CONVERSION = YES;
				GCC_WARN_ABOUT_RETURN_TYPE = YES_ERROR;
				GCC_WARN_UNDECLARED_SELECTOR = YES;
				GCC_WARN_UNINITIALIZED_AUTOS = YES_AGGRESSIVE;
				GCC_WARN_UNUSED_FUNCTION = YES;
				GCC_WARN_UNUSED_VARIABLE = YES;
				MACOSX_DEPLOYMENT_TARGET = 10.10;
				MTL_ENABLE_DEBUG_INFO = NO;
				SDKROOT = macosx;
			};
			name = Release;
		};
		25544A461A86FA4500CBEE29 /* Debug */ = {
			isa = XCBuildConfiguration;
			buildSettings = {
				ASSETCATALOG_COMPILER_APPICON_NAME = AppIcon;
				COMBINE_HIDPI_IMAGES = YES;
				INFOPLIST_FILE = kerenm_hw4/Info.plist;
				LD_RUNPATH_SEARCH_PATHS = "$(inherited) @executable_path/../Frameworks";
				PRODUCT_NAME = "$(TARGET_NAME)";
			};
			name = Debug;
		};
		25544A471A86FA4500CBEE29 /* Release */ = {
			isa = XCBuildConfiguration;
			buildSettings = {
				ASSETCATALOG_COMPILER_APPICON_NAME = AppIcon;
				COMBINE_HIDPI_IMAGES = YES;
				INFOPLIST_FILE = kerenm_hw4/Info.plist;
				LD_RUNPATH_SEARCH_PATHS = "$(inherited) @executable_path/../Frameworks";
				PRODUCT_NAME = "$(TARGET_NAME)";
			};
			name = Release;
		};
		25544A491A86FA4500CBEE29 /* Debug */ = {
			isa = XCBuildConfiguration;
			buildSettings = {
				BUNDLE_LOADER = "$(TEST_HOST)";
				COMBINE_HIDPI_IMAGES = YES;
				FRAMEWORK_SEARCH_PATHS = (
					"$(DEVELOPER_FRAMEWORKS_DIR)",
					"$(inherited)",
				);
				GCC_PREPROCESSOR_DEFINITIONS = (
					"DEBUG=1",
					"$(inherited)",
				);
				INFOPLIST_FILE = kerenm_hw4Tests/Info.plist;
				LD_RUNPATH_SEARCH_PATHS = "$(inherited) @executable_path/../Frameworks @loader_path/../Frameworks";
				PRODUCT_NAME = "$(TARGET_NAME)";
				TEST_HOST = "$(BUILT_PRODUCTS_DIR)/kerenm_hw4.app/Contents/MacOS/kerenm_hw4";
			};
			name = Debug;
		};
		25544A4A1A86FA4500CBEE29 /* Release */ = {
			isa = XCBuildConfiguration;
			buildSettings = {
				BUNDLE_LOADER = "$(TEST_HOST)";
				COMBINE_HIDPI_IMAGES = YES;
				FRAMEWORK_SEARCH_PATHS = (
					"$(DEVELOPER_FRAMEWORKS_DIR)",
					"$(inherited)",
				);
				INFOPLIST_FILE = kerenm_hw4Tests/Info.plist;
				LD_RUNPATH_SEARCH_PATHS = "$(inherited) @executable_path/../Frameworks @loader_path/../Frameworks";
				PRODUCT_NAME = "$(TARGET_NAME)";
				TEST_HOST = "$(BUILT_PRODUCTS_DIR)/kerenm_hw4.app/Contents/MacOS/kerenm_hw4";
			};
			name = Release;
		};
/* End XCBuildConfiguration section */

/* Begin XCConfigurationList section */
		25544A1A1A86FA4500CBEE29 /* Build configuration list for PBXProject "kerenm_hw4" */ = {
			isa = XCConfigurationList;
			buildConfigurations = (
				25544A431A86FA4500CBEE29 /* Debug */,
				25544A441A86FA4500CBEE29 /* Release */,
			);
			defaultConfigurationIsVisible = 0;
			defaultConfigurationName = Release;
		};
		25544A451A86FA4500CBEE29 /* Build configuration list for PBXNativeTarget "kerenm_hw4" */ = {
			isa = XCConfigurationList;
			buildConfigurations = (
				25544A461A86FA4500CBEE29 /* Debug */,
				25544A471A86FA4500CBEE29 /* Release */,
			);
			defaultConfigurationIsVisible = 0;
		};
		25544A481A86FA4500CBEE29 /* Build configuration list for PBXNativeTarget "kerenm_hw4Tests" */ = {
			isa = XCConfigurationList;
			buildConfigurations = (
				25544A491A86FA4500CBEE29 /* Debug */,
				25544A4A1A86FA4500CBEE29 /* Release */,
			);
			defaultConfigurationIsVisible = 0;
		};
/* End XCConfigurationList section */

/* Begin XCVersionGroup section */
		25544A2F1A86FA4500CBEE29 /* Document.xcdatamodeld */ = {
			isa = XCVersionGroup;
			children = (
				25544A301A86FA4500CBEE29 /* Document.xcdatamodel */,
			);
			currentVersion = 25544A301A86FA4500CBEE29 /* Document.xcdatamodel */;
			path = Document.xcdatamodeld;
			sourceTree = "<group>";
			versionGroupType = wrapper.xcdatamodel;
		};
/* End XCVersionGroup section */
	};
	rootObject = 25544A171A86FA4500CBEE29 /* Project object */;
}
